lockfileVersion: '9.0'

settings:
  autoInstallPeers: true
  excludeLinksFromLockfile: false

importers:

  .:
    dependencies:
      parallel-transform:
        specifier: ^1.2.0
        version: 1.2.0

packages:

  core-util-is@1.0.3:
    resolution: {integrity: sha512-ZQBvi1DcpJ4GDqanjucZ2Hj3wEO5pZDS89BWbkcrvdxksJorwUDDZamX9ldFkp9aw2lmBDLgkObEA4DWNJ9FYQ==}

  cyclist@1.0.2:
    resolution: {integrity: sha512-0sVXIohTfLqVIW3kb/0n6IiWF3Ifj5nm2XaSrLq2DI6fKIGa2fYAZdk917rUneaeLVpYfFcyXE2ft0fe3remsA==}

  inherits@2.0.4:
    resolution: {integrity: sha512-k/vGaX4/Yla3WzyMCvTQOXYeIHvqOKtnqBduzTHpzpQZzAskKMhZ2K+EnBiSM9zGSoIFeMpXKxa4dYeZIQqewQ==}

  isarray@1.0.0:
    resolution: {integrity: sha512-VLghIWNM6ELQzo7zwmcg0NmTVyWKYjvIeM83yjp0wRDTmUnrM678fQbcKBo6n2CJEF0szoG//ytg+TKla89ALQ==}

  parallel-transform@1.2.0:
    resolution: {integrity: sha512-P2vSmIu38uIlvdcU7fDkyrxj33gTUy/ABO5ZUbGowxNCopBq/OoD42bP4UmMrJoPyk4Uqf0mu3mtWBhHCZD8yg==}

  process-nextick-args@2.0.1:
    resolution: {integrity: sha512-3ouUOpQhtgrbOa17J7+uxOTpITYWaGP7/AhoR3+A+/1e9skrzelGi/dXzEYyvbxubEF6Wn2ypscTKiKJFFn1ag==}

  readable-stream@2.3.8:
    resolution: {integrity: sha512-8p0AUk4XODgIewSi0l8Epjs+EVnWiK7NoDIEGU0HhE7+ZyY8D1IMY7odu5lRrFXGg71L15KG8QrPmum45RTtdA==}

  safe-buffer@5.1.2:
    resolution: {integrity: sha512-Gd2UZBJDkXlY7GbJxfsE8/nvKkUEU1G38c1siN6QP6a9PT9MmHB8GnpscSmMJSoF8LOIrt8ud/wPtojys4G6+g==}

  string_decoder@1.1.1:
    resolution: {integrity: sha512-n/ShnvDi6FHbbVfviro+WojiFzv+s8MPMHBczVePfUpDJLwoLT0ht1l4YwBCbi8pJAveEEdnkHyPyTP/mzRfwg==}

  util-deprecate@1.0.2:
    resolution: {integrity: sha512-EPD5q1uXyFxJpCrLnCc1nHnq3gOa6DZBocAIiI2TaSCA7VCJ1UJDMagCzIkXNsUYfD1daK//LTEQ8xiIbrHtcw==}

snapshots:

  core-util-is@1.0.3: {}

  cyclist@1.0.2: {}

  inherits@2.0.4: {}

  isarray@1.0.0: {}

  parallel-transform@1.2.0:
    dependencies:
      cyclist: 1.0.2
      inherits: 2.0.4
      readable-stream: 2.3.8

  process-nextick-args@2.0.1: {}

  readable-stream@2.3.8:
    dependencies:
      core-util-is: 1.0.3
      inherits: 2.0.4
      isarray: 1.0.0
      process-nextick-args: 2.0.1
      safe-buffer: 5.1.2
      string_decoder: 1.1.1
      util-deprecate: 1.0.2

  safe-buffer@5.1.2: {}

  string_decoder@1.1.1:
    dependencies:
      safe-buffer: 5.1.2

  util-deprecate@1.0.2: {}
