lockfileVersion: '9.0'

settings:
  autoInstallPeers: true
  excludeLinksFromLockfile: false

importers:

  .:
    dependencies:
      serve-handler:
        specifier: ^6.1.6
        version: 6.1.6
      ws:
        specifier: ^8.18.2
        version: 8.18.2
      zeromq:
        specifier: ^6.3.0
        version: 6.4.2

packages:

  balanced-match@1.0.2:
    resolution: {integrity: sha512-3oSeUO0TMV67hN1AmbXsK4yaqU7tjiHlbxRDZOpH0KW9+CeX4bRAaX0Anxt0tx2MrpRpWwQaPwIlISEJhYU5Pw==}

  brace-expansion@1.1.11:
    resolution: {integrity: sha512-iCuPHDFgrHX7H2vEI/5xpz07zSHB00TpugqhmYtVmMO6518mCuRMoOYFldEBl0g187ufozdaHgWKcYFb61qGiA==}

  bytes@3.0.0:
    resolution: {integrity: sha512-pMhOfFDPiv9t5jjIXkHosWmkSyQbvsgEVNkz0ERHbuLh2T/7j4Mqqpz523Fe8MVY89KC6Sh/QfS2sM+SjgFDcw==}
    engines: {node: '>= 0.8'}

  cmake-ts@0.6.1:
    resolution: {integrity: sha512-uUn2qGhf20j8W/sQ7+UnvvqO1zNccqgbLgwRJi7S23FsjMWJqxvKK80Vc+tvLNKfpJzwH0rgoQD1l24SMnX0yg==}
    hasBin: true

  concat-map@0.0.1:
    resolution: {integrity: sha512-/Srv4dswyQNBfohGpz9o6Yb3Gz3SrUDqBH5rTuhGR7ahtlbYKnVxw2bCFMRljaA7EXHaXZ8wsHdodFvbkhKmqg==}

  content-disposition@0.5.2:
    resolution: {integrity: sha512-kRGRZw3bLlFISDBgwTSA1TMBFN6J6GWDeubmDE3AF+3+yXL8hTWv8r5rkLbqYXY4RjPk/EzHnClI3zQf1cFmHA==}
    engines: {node: '>= 0.6'}

  mime-db@1.33.0:
    resolution: {integrity: sha512-BHJ/EKruNIqJf/QahvxwQZXKygOQ256myeN/Ew+THcAa5q+PjyTTMMeNQC4DZw5AwfvelsUrA6B67NKMqXDbzQ==}
    engines: {node: '>= 0.6'}

  mime-types@2.1.18:
    resolution: {integrity: sha512-lc/aahn+t4/SWV/qcmumYjymLsWfN3ELhpmVuUFjgsORruuZPVSwAQryq+HHGvO/SI2KVX26bx+En+zhM8g8hQ==}
    engines: {node: '>= 0.6'}

  minimatch@3.1.2:
    resolution: {integrity: sha512-J7p63hRiAjw1NDEww1W7i37+ByIrOWO5XQQAzZ3VOcL0PNybwpfmV/N05zFAzwQ9USyEcX6t3UO+K5aqBQOIHw==}

  node-addon-api@8.3.1:
    resolution: {integrity: sha512-lytcDEdxKjGJPTLEfW4mYMigRezMlyJY8W4wxJK8zE533Jlb8L8dRuObJFWg2P+AuOIxoCgKF+2Oq4d4Zd0OUA==}
    engines: {node: ^18 || ^20 || >= 21}

  path-is-inside@1.0.2:
    resolution: {integrity: sha512-DUWJr3+ULp4zXmol/SZkFf3JGsS9/SIv+Y3Rt93/UjPpDpklB5f1er4O3POIbUuUJ3FXgqte2Q7SrU6zAqwk8w==}

  path-to-regexp@3.3.0:
    resolution: {integrity: sha512-qyCH421YQPS2WFDxDjftfc1ZR5WKQzVzqsp4n9M2kQhVOo/ByahFoUNJfl58kOcEGfQ//7weFTDhm+ss8Ecxgw==}

  range-parser@1.2.0:
    resolution: {integrity: sha512-kA5WQoNVo4t9lNx2kQNFCxKeBl5IbbSNBl1M/tLkw9WCn+hxNBAW5Qh8gdhs63CJnhjJ2zQWFoqPJP2sK1AV5A==}
    engines: {node: '>= 0.6'}

  serve-handler@6.1.6:
    resolution: {integrity: sha512-x5RL9Y2p5+Sh3D38Fh9i/iQ5ZK+e4xuXRd/pGbM4D13tgo/MGwbttUk8emytcr1YYzBYs+apnUngBDFYfpjPuQ==}

  ws@8.18.2:
    resolution: {integrity: sha512-DMricUmwGZUVr++AEAe2uiVM7UoO9MAVZMDu05UQOaUII0lp+zOzLLU4Xqh/JvTqklB1T4uELaaPBKyjE1r4fQ==}
    engines: {node: '>=10.0.0'}
    peerDependencies:
      bufferutil: ^4.0.1
      utf-8-validate: '>=5.0.2'
    peerDependenciesMeta:
      bufferutil:
        optional: true
      utf-8-validate:
        optional: true

  zeromq@6.4.2:
    resolution: {integrity: sha512-FnQlI4lEAewE4JexJ6kqQuBVzRf0Mg1n/qE3uXilfosf+X5lqJPiaYfdL/w4SzgAEVBTyqbMt9NbjwI5H89Yaw==}
    engines: {node: '>= 12'}

snapshots:

  balanced-match@1.0.2: {}

  brace-expansion@1.1.11:
    dependencies:
      balanced-match: 1.0.2
      concat-map: 0.0.1

  bytes@3.0.0: {}

  cmake-ts@0.6.1: {}

  concat-map@0.0.1: {}

  content-disposition@0.5.2: {}

  mime-db@1.33.0: {}

  mime-types@2.1.18:
    dependencies:
      mime-db: 1.33.0

  minimatch@3.1.2:
    dependencies:
      brace-expansion: 1.1.11

  node-addon-api@8.3.1: {}

  path-is-inside@1.0.2: {}

  path-to-regexp@3.3.0: {}

  range-parser@1.2.0: {}

  serve-handler@6.1.6:
    dependencies:
      bytes: 3.0.0
      content-disposition: 0.5.2
      mime-types: 2.1.18
      minimatch: 3.1.2
      path-is-inside: 1.0.2
      path-to-regexp: 3.3.0
      range-parser: 1.2.0

  ws@8.18.2: {}

  zeromq@6.4.2:
    dependencies:
      cmake-ts: 0.6.1
      node-addon-api: 8.3.1
