lockfileVersion: '9.0'

settings:
  autoInstallPeers: true
  excludeLinksFromLockfile: false

importers:

  .:
    dependencies:
      chance:
        specifier: ^1.1.12
        version: 1.1.12

packages:

  chance@1.1.12:
    resolution: {integrity: sha512-vVBIGQVnwtUG+SYe0ge+3MvF78cvSpuCOEUJr7sVEk2vSBuMW6OXNJjSzdtzrlxNUEaoqH2GBd5Y/+18BEB01Q==}

snapshots:

  chance@1.1.12: {}
