lockfileVersion: '9.0'

settings:
  autoInstallPeers: true
  excludeLinksFromLockfile: false

importers:

  .:
    dependencies:
      mkdirp:
        specifier: ^3.0.1
        version: 3.0.1
      slug:
        specifier: ^9.1.0
        version: 9.1.0

packages:

  mkdirp@3.0.1:
    resolution: {integrity: sha512-+NsyUUAZDmo6YVHzL/stxSu3t9YS1iljliy3BSDrXJ/dkn1KYdmtZODGGjLcc9XLgVVpH4KshHB8XmZgMhaBXg==}
    engines: {node: '>=10'}
    hasBin: true

  slug@9.1.0:
    resolution: {integrity: sha512-ioOsCfzQSu+D6NZ8XMCR8IW9FgvF8W7Xzz56hBkB/ALvNaWeBs2MUvvPugq3GCrxfHPFeK6hAxGkY/WLnfX2Lg==}
    hasBin: true

snapshots:

  mkdirp@3.0.1: {}

  slug@9.1.0: {}
